
Microsoft Visual Studio Solution File, Format Version 12.00
Project("{FAE04EC0-301F-11D3-BF4B-00C04F79EFBC}") = "ImageCoverExpander", "ImageCoverExpander\ImageCoverExpander.csproj", "{47CCCF55-B089-447A-8F89-1E17EC50D748}"
EndProject
Global
	GlobalSection(SolutionConfigurationPlatforms) = preSolution
		Debug|Any CPU = Debug|Any CPU
		Release|Any CPU = Release|Any CPU
	EndGlobalSection
	GlobalSection(ProjectConfigurationPlatforms) = postSolution
		{47CCCF55-B089-447A-8F89-1E17EC50D748}.Debug|Any CPU.ActiveCfg = Debug|Any CPU
		{47CCCF55-B089-447A-8F89-1E17EC50D748}.Debug|Any CPU.Build.0 = Debug|Any CPU
		{47CCCF55-B089-447A-8F89-1E17EC50D748}.Release|Any CPU.ActiveCfg = Release|Any CPU
		{47CCCF55-B089-447A-8F89-1E17EC50D748}.Release|Any CPU.Build.0 = Release|Any CPU
	EndGlobalSection
EndGlobal
